
Microsoft Visual Studio Solution File, Format Version 12.00
# Visual Studio 15
VisualStudioVersion = 15.0.28010.2036
MinimumVisualStudioVersion = 10.0.40219.1
Project("{FAE04EC0-301F-11D3-BF4B-00C04F79EFBC}") = "Hangman Game", "Hangman Game\Hangman Game.csproj", "{EE22975B-068A-4000-874F-F2D67A5FC2F0}"
EndProject
Global
	GlobalSection(SolutionConfigurationPlatforms) = preSolution
		Debug|Any CPU = Debug|Any CPU
		Release|Any CPU = Release|Any CPU
	EndGlobalSection
	GlobalSection(ProjectConfigurationPlatforms) = postSolution
		{EE22975B-068A-4000-874F-F2D67A5FC2F0}.Debug|Any CPU.ActiveCfg = Debug|Any CPU
		{EE22975B-068A-4000-874F-F2D67A5FC2F0}.Debug|Any CPU.Build.0 = Debug|Any CPU
		{EE22975B-068A-4000-874F-F2D67A5FC2F0}.Release|Any CPU.ActiveCfg = Release|Any CPU
		{EE22975B-068A-4000-874F-F2D67A5FC2F0}.Release|Any CPU.Build.0 = Release|Any CPU
	EndGlobalSection
	GlobalSection(SolutionProperties) = preSolution
		HideSolutionNode = FALSE
	EndGlobalSection
	GlobalSection(ExtensibilityGlobals) = postSolution
		SolutionGuid = {88354301-1864-4F4C-AE03-C3509F673637}
	EndGlobalSection
EndGlobal
